
Microsoft Visual Studio Solution File, Format Version 12.00
# Visual Studio Version 17
VisualStudioVersion = 17.8.34511.84
MinimumVisualStudioVersion = 10.0.40219.1
Project("{FAE04EC0-301F-11D3-BF4B-00C04F79EFBC}") = "GameWithRandom", "GameWithRandom\GameWithRandom.csproj", "{FF977086-EAF0-404A-9E87-491AE51446BA}"
EndProject
Global
	GlobalSection(SolutionConfigurationPlatforms) = preSolution
		Debug|Any CPU = Debug|Any CPU
		Release|Any CPU = Release|Any CPU
	EndGlobalSection
	GlobalSection(ProjectConfigurationPlatforms) = postSolution
		{FF977086-EAF0-404A-9E87-491AE51446BA}.Debug|Any CPU.ActiveCfg = Debug|Any CPU
		{FF977086-EAF0-404A-9E87-491AE51446BA}.Debug|Any CPU.Build.0 = Debug|Any CPU
		{FF977086-EAF0-404A-9E87-491AE51446BA}.Release|Any CPU.ActiveCfg = Release|Any CPU
		{FF977086-EAF0-404A-9E87-491AE51446BA}.Release|Any CPU.Build.0 = Release|Any CPU
	EndGlobalSection
	GlobalSection(SolutionProperties) = preSolution
		HideSolutionNode = FALSE
	EndGlobalSection
	GlobalSection(ExtensibilityGlobals) = postSolution
		SolutionGuid = {B602B875-37CA-48D1-A4D7-71535D53A08F}
	EndGlobalSection
EndGlobal
